
Microsoft Visual Studio Solution File, Format Version 12.00
# Visual Studio Version 17
VisualStudioVersion = 17.14.37111.16 d17.14
MinimumVisualStudioVersion = 10.0.40219.1
Project("{FAE04EC0-301F-11D3-BF4B-00C04F79EFBC}") = "FitnessTrackingApp", "FitnessTrackingApp\FitnessTrackingApp.csproj", "{51FBF1A8-9429-4856-9B3E-15EDA11E2833}"
EndProject
Global
	GlobalSection(SolutionConfigurationPlatforms) = preSolution
		Debug|Any CPU = Debug|Any CPU
		Release|Any CPU = Release|Any CPU
	EndGlobalSection
	GlobalSection(ProjectConfigurationPlatforms) = postSolution
		{51FBF1A8-9429-4856-9B3E-15EDA11E2833}.Debug|Any CPU.ActiveCfg = Debug|Any CPU
		{51FBF1A8-9429-4856-9B3E-15EDA11E2833}.Debug|Any CPU.Build.0 = Debug|Any CPU
		{51FBF1A8-9429-4856-9B3E-15EDA11E2833}.Release|Any CPU.ActiveCfg = Release|Any CPU
		{51FBF1A8-9429-4856-9B3E-15EDA11E2833}.Release|Any CPU.Build.0 = Release|Any CPU
	EndGlobalSection
	GlobalSection(SolutionProperties) = preSolution
		HideSolutionNode = FALSE
	EndGlobalSection
	GlobalSection(ExtensibilityGlobals) = postSolution
		SolutionGuid = {088D85FC-0F65-4C8F-8AE0-B8E7F71B73D5}
	EndGlobalSection
EndGlobal
